
Microsoft Visual Studio Solution File, Format Version 12.00
# Visual Studio 15
VisualStudioVersion = 15.0.26730.3
MinimumVisualStudioVersion = 10.0.40219.1
Project("{FAE04EC0-301F-11D3-BF4B-00C04F79EFBC}") = "CarOwnershipCost", "CarOwnershipCost\CarOwnershipCost.csproj", "{20A5A4FA-B2BF-4FC2-9592-396CE3F1F1E6}"
EndProject
Global
	GlobalSection(SolutionConfigurationPlatforms) = preSolution
		Debug|Any CPU = Debug|Any CPU
		Release|Any CPU = Release|Any CPU
	EndGlobalSection
	GlobalSection(ProjectConfigurationPlatforms) = postSolution
		{20A5A4FA-B2BF-4FC2-9592-396CE3F1F1E6}.Debug|Any CPU.ActiveCfg = Debug|Any CPU
		{20A5A4FA-B2BF-4FC2-9592-396CE3F1F1E6}.Debug|Any CPU.Build.0 = Debug|Any CPU
		{20A5A4FA-B2BF-4FC2-9592-396CE3F1F1E6}.Release|Any CPU.ActiveCfg = Release|Any CPU
		{20A5A4FA-B2BF-4FC2-9592-396CE3F1F1E6}.Release|Any CPU.Build.0 = Release|Any CPU
	EndGlobalSection
	GlobalSection(SolutionProperties) = preSolution
		HideSolutionNode = FALSE
	EndGlobalSection
	GlobalSection(ExtensibilityGlobals) = postSolution
		SolutionGuid = {54E3218B-15F5-4A24-AD79-DE62CA581ECE}
	EndGlobalSection
EndGlobal
